<?xml version="1.0" encoding="utf-8"?>
<Project ToolsVersion="4.0" xmlns="http://schemas.microsoft.com/developer/msbuild/2003">
  <ItemGroup>
    <Filter Include="Header Files">
      <UniqueIdentifier>{261733a4-c690-4b5a-a5e9-e272790c6748}</UniqueIdentifier>
    </Filter>
    <Filter Include="Source Files">
      <UniqueIdentifier>{b0740b1a-0337-4e8a-a397-5292c92b887d}</UniqueIdentifier>
    </Filter>
    <Filter Include="textures">
      <UniqueIdentifier>{baec3555-1d13-474f-a242-15e343631432}</UniqueIdentifier>
    </Filter>
    <Filter Include="sounds">
      <UniqueIdentifier>{d4a99157-dc84-403b-ac1b-2c6d9847e031}</UniqueIdentifier>
    </Filter>
    <Filter Include="textures\character">
      <UniqueIdentifier>{b896544b-629a-4a82-9b54-8da6a9c04488}</UniqueIdentifier>
    </Filter>
    <Filter Include="textures\animals">
      <UniqueIdentifier>{ea4177f2-6442-43c7-bcb7-ff1e5e6c5a5b}</UniqueIdentifier>
    </Filter>
    <Filter Include="textures\maps">
      <UniqueIdentifier>{3febeee3-bc1b-4cb0-8c2f-865b3119fa08}</UniqueIdentifier>
    </Filter>
    <Filter Include="textures\natural_objects">
      <UniqueIdentifier>{73ad3561-6261-4706-b2e2-8429c26a98ed}</UniqueIdentifier>
    </Filter>
  </ItemGroup>
  <ItemGroup>
    <ClInclude Include="Game.h">
      <Filter>Header Files</Filter>
    </ClInclude>
    <ClInclude Include="Animation.h">
      <Filter>Header Files</Filter>
    </ClInclude>
    <ClInclude Include="Map.h">
      <Filter>Header Files</Filter>
    </ClInclude>
    <ClInclude Include="Player.h">
      <Filter>Header Files</Filter>
    </ClInclude>
    <ClInclude Include="Camera2D.h">
      <Filter>Header Files</Filter>
    </ClInclude>
    <ClInclude Include="GetterSetter.h">
      <Filter>Header Files</Filter>
    </ClInclude>
    <ClInclude Include="Header.h">
      <Filter>Header Files</Filter>
    </ClInclude>
    <ClInclude Include="GameObject.h">
      <Filter>Header Files</Filter>
    </ClInclude>
  </ItemGroup>
  <ItemGroup>
    <ClCompile Include="main.cpp" />
    <ClCompile Include="Game.cpp">
      <Filter>Source Files</Filter>
    </ClCompile>
    <ClCompile Include="Animation.cpp">
      <Filter>Source Files</Filter>
    </ClCompile>
    <ClCompile Include="Animal.cpp">
      <Filter>Source Files</Filter>
    </ClCompile>
    <ClCompile Include="Prop.cpp">
      <Filter>Source Files</Filter>
    </ClCompile>
    <ClCompile Include="Map.cpp">
      <Filter>Source Files</Filter>
    </ClCompile>
    <ClCompile Include="Player.cpp">
      <Filter>Source Files</Filter>
    </ClCompile>
  </ItemGroup>
  <ItemGroup>
    <Media Include="sounds\land_step.wav">
      <Filter>sounds</Filter>
    </Media>
    <Media Include="sounds\water_step.wav">
      <Filter>sounds</Filter>
    </Media>
    <Media Include="sounds\getting_punched.wav">
      <Filter>sounds</Filter>
    </Media>
  </ItemGroup>
  <ItemGroup>
    <Image Include="textures\map\dreamland.png">
      <Filter>textures\maps</Filter>
    </Image>
    <Image Include="textures\character\friendly_man_idle.png">
      <Filter>textures\character</Filter>
    </Image>
    <Image Include="textures\character\friendly_man_punch.png">
      <Filter>textures\character</Filter>
    </Image>
    <Image Include="textures\character\friendly_man_walk.png">
      <Filter>textures\character</Filter>
    </Image>
    <Image Include="textures\animals\bat_fly.png">
      <Filter>textures\animals</Filter>
    </Image>
    <Image Include="textures\animals\chicken_walk.png">
      <Filter>textures\animals</Filter>
    </Image>
    <Image Include="textures\animals\crocodile_hurt.png">
      <Filter>textures\animals</Filter>
    </Image>
    <Image Include="textures\animals\crocodile_walk.png">
      <Filter>textures\animals</Filter>
    </Image>
    <Image Include="textures\animals\rhino_idle.png">
      <Filter>textures\animals</Filter>
    </Image>
    <Image Include="textures\map\desert.png">
      <Filter>textures\maps</Filter>
    </Image>
    <Image Include="textures\natural_objects\big_stone.png">
      <Filter>textures\natural_objects</Filter>
    </Image>
  </ItemGroup>
</Project>