<?xml version="1.0" encoding="utf-8"?>
<Project ToolsVersion="4.0" xmlns="http://schemas.microsoft.com/developer/msbuild/2003">
  <ItemGroup>
    <Filter Include="Header Files">
      <UniqueIdentifier>{261733a4-c690-4b5a-a5e9-e272790c6748}</UniqueIdentifier>
    </Filter>
    <Filter Include="Source Files">
      <UniqueIdentifier>{b0740b1a-0337-4e8a-a397-5292c92b887d}</UniqueIdentifier>
    </Filter>
    <Filter Include="rlCamera2D">
      <UniqueIdentifier>{ae2db644-1804-4f81-b552-407ec09c17ed}</UniqueIdentifier>
    </Filter>
    <Filter Include="rlTileMap">
      <UniqueIdentifier>{a779adb5-e531-4928-a95c-29fd6ac309d9}</UniqueIdentifier>
    </Filter>
    <Filter Include="rlTileMap\PUGIXML">
      <UniqueIdentifier>{145baa88-bb22-4e0f-8d62-21bc96b7e2e6}</UniqueIdentifier>
    </Filter>
  </ItemGroup>
  <ItemGroup>
    <ClInclude Include="2DWorld.h">
      <Filter>Header Files</Filter>
    </ClInclude>
    <ClInclude Include="Player.h">
      <Filter>Header Files</Filter>
    </ClInclude>
    <ClInclude Include="MathLib.h">
      <Filter>Header Files</Filter>
    </ClInclude>
    <ClInclude Include="rlCamera2D\rlCamera2D.h">
      <Filter>rlCamera2D</Filter>
    </ClInclude>
    <ClInclude Include="Audio.h">
      <Filter>Header Files</Filter>
    </ClInclude>
    <ClInclude Include="Scene.h">
      <Filter>Header Files</Filter>
    </ClInclude>
    <ClInclude Include="Timer.h">
      <Filter>Header Files</Filter>
    </ClInclude>
    <ClInclude Include="GameplayScene.h">
      <Filter>Header Files</Filter>
    </ClInclude>
    <ClInclude Include="ObjectTexures.h">
      <Filter>Header Files</Filter>
    </ClInclude>
    <ClInclude Include="SceneManager.h">
      <Filter>Header Files</Filter>
    </ClInclude>
    <ClInclude Include="TitleScene.h">
      <Filter>Header Files</Filter>
    </ClInclude>
    <ClInclude Include="Animal.h">
      <Filter>Header Files</Filter>
    </ClInclude>
    <ClInclude Include="Model2D.h">
      <Filter>Header Files</Filter>
    </ClInclude>
    <ClInclude Include="rlTileMap\ray_tilemap.h">
      <Filter>rlTileMap</Filter>
    </ClInclude>
    <ClInclude Include="rlTileMap\PUGIXML\pugiconfig.hpp">
      <Filter>rlTileMap\PUGIXML</Filter>
    </ClInclude>
    <ClInclude Include="rlTileMap\PUGIXML\pugixml.hpp">
      <Filter>rlTileMap\PUGIXML</Filter>
    </ClInclude>
    <ClInclude Include="Sprite.h">
      <Filter>Header Files</Filter>
    </ClInclude>
  </ItemGroup>
  <ItemGroup>
    <ClCompile Include="2DWorld.cpp">
      <Filter>Source Files</Filter>
    </ClCompile>
    <ClCompile Include="Player.cpp">
      <Filter>Source Files</Filter>
    </ClCompile>
    <ClCompile Include="rlCamera2D\rlCamera2D.cpp">
      <Filter>rlCamera2D</Filter>
    </ClCompile>
    <ClCompile Include="Animal.cpp">
      <Filter>Source Files</Filter>
    </ClCompile>
    <ClCompile Include="Audio.cpp">
      <Filter>Source Files</Filter>
    </ClCompile>
    <ClCompile Include="Scene.cpp">
      <Filter>Source Files</Filter>
    </ClCompile>
    <ClCompile Include="GameplayScene.cpp">
      <Filter>Source Files</Filter>
    </ClCompile>
    <ClCompile Include="SceneManager.cpp">
      <Filter>Source Files</Filter>
    </ClCompile>
    <ClCompile Include="TitleScene.cpp">
      <Filter>Source Files</Filter>
    </ClCompile>
    <ClCompile Include="Model2D.cpp">
      <Filter>Source Files</Filter>
    </ClCompile>
    <ClCompile Include="rlTileMap\ray_tilemap.cpp">
      <Filter>rlTileMap</Filter>
    </ClCompile>
    <ClCompile Include="rlTileMap\ray_tilemap_drawing.cpp">
      <Filter>rlTileMap</Filter>
    </ClCompile>
    <ClCompile Include="rlTileMap\ray_tilemap_tmx.cpp">
      <Filter>rlTileMap</Filter>
    </ClCompile>
    <ClCompile Include="rlTileMap\PUGIXML\pugixml.cpp">
      <Filter>rlTileMap\PUGIXML</Filter>
    </ClCompile>
  </ItemGroup>
  <ItemGroup>
    <Text Include="rlTileMap\PUGIXML\readme.txt">
      <Filter>rlTileMap\PUGIXML</Filter>
    </Text>
  </ItemGroup>
  <ItemGroup>
    <None Include="rlTileMap\README.md">
      <Filter>rlTileMap</Filter>
    </None>
  </ItemGroup>
</Project>